
Microsoft Visual Studio Solution File, Format Version 12.00
# Visual Studio Version 16
VisualStudioVersion = 16.0.30104.148
MinimumVisualStudioVersion = 10.0.40219.1
Project("{9A19103F-16F7-4668-BE54-9A1E7A4F7556}") = "memsql-stored-procedures", "memsql-stored-procedures.csproj", "{A727678B-B0E7-4F03-B217-1CF96D4A518F}"
EndProject
Global
	GlobalSection(SolutionConfigurationPlatforms) = preSolution
		Debug|Any CPU = Debug|Any CPU
		Release|Any CPU = Release|Any CPU
	EndGlobalSection
	GlobalSection(ProjectConfigurationPlatforms) = postSolution
		{A727678B-B0E7-4F03-B217-1CF96D4A518F}.Debug|Any CPU.ActiveCfg = Debug|Any CPU
		{A727678B-B0E7-4F03-B217-1CF96D4A518F}.Debug|Any CPU.Build.0 = Debug|Any CPU
		{A727678B-B0E7-4F03-B217-1CF96D4A518F}.Release|Any CPU.ActiveCfg = Release|Any CPU
		{A727678B-B0E7-4F03-B217-1CF96D4A518F}.Release|Any CPU.Build.0 = Release|Any CPU
	EndGlobalSection
	GlobalSection(SolutionProperties) = preSolution
		HideSolutionNode = FALSE
	EndGlobalSection
	GlobalSection(ExtensibilityGlobals) = postSolution
		SolutionGuid = {4E3F1886-B43A-43A1-A501-8A3818B65FBA}
	EndGlobalSection
EndGlobal
